
Microsoft Visual Studio Solution File, Format Version 12.00
# Visual Studio Version 16
VisualStudioVersion = 16.0.29123.89
MinimumVisualStudioVersion = 10.0.40219.1
Project("{9A19103F-16F7-4668-BE54-9A1E7A4F7556}") = "Microsoft.Identity.Web", "Microsoft.Identity.Web\Microsoft.Identity.Web.csproj", "{902DD78C-66A4-491E-AC20-5425636A5379}"
EndProject
Project("{9A19103F-16F7-4668-BE54-9A1E7A4F7556}") = "Microsoft.Identity.Web.Test", "Microsoft.Identity.Web.Test\Microsoft.Identity.Web.Test.csproj", "{8984EDBC-0107-4067-9D32-378FB376CFA5}"
EndProject
Global
	GlobalSection(SolutionConfigurationPlatforms) = preSolution
		Debug|Any CPU = Debug|Any CPU
		Release|Any CPU = Release|Any CPU
	EndGlobalSection
	GlobalSection(ProjectConfigurationPlatforms) = postSolution
		{902DD78C-66A4-491E-AC20-5425636A5379}.Debug|Any CPU.ActiveCfg = Debug|Any CPU
		{902DD78C-66A4-491E-AC20-5425636A5379}.Debug|Any CPU.Build.0 = Debug|Any CPU
		{902DD78C-66A4-491E-AC20-5425636A5379}.Release|Any CPU.ActiveCfg = Release|Any CPU
		{902DD78C-66A4-491E-AC20-5425636A5379}.Release|Any CPU.Build.0 = Release|Any CPU
		{8984EDBC-0107-4067-9D32-378FB376CFA5}.Debug|Any CPU.ActiveCfg = Debug|Any CPU
		{8984EDBC-0107-4067-9D32-378FB376CFA5}.Debug|Any CPU.Build.0 = Debug|Any CPU
		{8984EDBC-0107-4067-9D32-378FB376CFA5}.Release|Any CPU.ActiveCfg = Release|Any CPU
		{8984EDBC-0107-4067-9D32-378FB376CFA5}.Release|Any CPU.Build.0 = Release|Any CPU
	EndGlobalSection
	GlobalSection(SolutionProperties) = preSolution
		HideSolutionNode = FALSE
	EndGlobalSection
	GlobalSection(ExtensibilityGlobals) = postSolution
		SolutionGuid = {25E329FF-0492-4C80-AB20-690521BA9C45}
	EndGlobalSection
EndGlobal
